
Microsoft Visual Studio Solution File, Format Version 12.00
# Visual Studio Version 16
VisualStudioVersion = 16.0.29215.179
MinimumVisualStudioVersion = 10.0.40219.1
Project("{FAE04EC0-301F-11D3-BF4B-00C04F79EFBC}") = "SportsStore.Domain", "SportsStore.Domain\SportsStore.Domain.csproj", "{2E7C5E2B-BEB7-4CBF-B78F-28B1238FFF1A}"
EndProject
Project("{FAE04EC0-301F-11D3-BF4B-00C04F79EFBC}") = "SportsStore.WebUI", "SportsStore.WebUI\SportsStore.WebUI.csproj", "{0311F900-DEEA-4F53-BB8A-C4AC75047DFC}"
EndProject
Project("{FAE04EC0-301F-11D3-BF4B-00C04F79EFBC}") = "SportsStore.UnitTests", "SportsStore.UnitTests\SportsStore.UnitTests.csproj", "{D95819D2-5746-43AF-B688-DFE04F90B412}"
EndProject
Global
	GlobalSection(SolutionConfigurationPlatforms) = preSolution
		Debug|Any CPU = Debug|Any CPU
		Release|Any CPU = Release|Any CPU
	EndGlobalSection
	GlobalSection(ProjectConfigurationPlatforms) = postSolution
		{2E7C5E2B-BEB7-4CBF-B78F-28B1238FFF1A}.Debug|Any CPU.ActiveCfg = Debug|Any CPU
		{2E7C5E2B-BEB7-4CBF-B78F-28B1238FFF1A}.Debug|Any CPU.Build.0 = Debug|Any CPU
		{2E7C5E2B-BEB7-4CBF-B78F-28B1238FFF1A}.Release|Any CPU.ActiveCfg = Release|Any CPU
		{2E7C5E2B-BEB7-4CBF-B78F-28B1238FFF1A}.Release|Any CPU.Build.0 = Release|Any CPU
		{0311F900-DEEA-4F53-BB8A-C4AC75047DFC}.Debug|Any CPU.ActiveCfg = Debug|Any CPU
		{0311F900-DEEA-4F53-BB8A-C4AC75047DFC}.Debug|Any CPU.Build.0 = Debug|Any CPU
		{0311F900-DEEA-4F53-BB8A-C4AC75047DFC}.Release|Any CPU.ActiveCfg = Release|Any CPU
		{0311F900-DEEA-4F53-BB8A-C4AC75047DFC}.Release|Any CPU.Build.0 = Release|Any CPU
		{D95819D2-5746-43AF-B688-DFE04F90B412}.Debug|Any CPU.ActiveCfg = Debug|Any CPU
		{D95819D2-5746-43AF-B688-DFE04F90B412}.Debug|Any CPU.Build.0 = Debug|Any CPU
		{D95819D2-5746-43AF-B688-DFE04F90B412}.Release|Any CPU.ActiveCfg = Release|Any CPU
		{D95819D2-5746-43AF-B688-DFE04F90B412}.Release|Any CPU.Build.0 = Release|Any CPU
	EndGlobalSection
	GlobalSection(SolutionProperties) = preSolution
		HideSolutionNode = FALSE
	EndGlobalSection
	GlobalSection(ExtensibilityGlobals) = postSolution
		SolutionGuid = {0FA9DBC6-1877-4D31-907D-203F127C4BA6}
	EndGlobalSection
EndGlobal
